{
  "name": "materialfoundation",
  "version": "0.1.0",
  "lockfileVersion": 1,
  "requires": true,
  "dependencies": {
    "foundation-sites": {
      "version": "6.4.3",
      "resolved": "https://registry.npmjs.org/foundation-sites/-/foundation-sites-6.4.3.tgz",
      "integrity": "sha1-6onrWZut9vA91SbFHwC9uUKoRPY=",
      "dev": true,
      "requires": {
        "jquery": "3.2.1",
        "what-input": "4.3.1"
      }
    },
    "jquery": {
      "version": "3.2.1",
      "resolved": "https://registry.npmjs.org/jquery/-/jquery-3.2.1.tgz",
      "integrity": "sha1-XE2d5lKvbNCncBVKYxu6ErAVx4c=",
      "dev": true
    },
    "what-input": {
      "version": "4.3.1",
      "resolved": "https://registry.npmjs.org/what-input/-/what-input-4.3.1.tgz",
      "integrity": "sha512-7KD71RWNRWI9M08shZ8+n/2UjO5amwsG9PMSXWz0iIlH8H2DVbHE8Z2tW1RqQa0kIwdeqdUIffFz7crDfkcbAw==",
      "dev": true
    }
  }
}
